
Microsoft Visual Studio Solution File, Format Version 12.00
# Visual Studio Version 16
VisualStudioVersion = 16.0.30011.22
MinimumVisualStudioVersion = 10.0.40219.1
Project("{9A19103F-16F7-4668-BE54-9A1E7A4F7556}") = "HotelApp", "HotelApp\HotelApp.csproj", "{431A913B-F67C-4A6A-9A5D-D3D1B712EFC4}"
EndProject
Global
	GlobalSection(SolutionConfigurationPlatforms) = preSolution
		Debug|Any CPU = Debug|Any CPU
		Release|Any CPU = Release|Any CPU
	EndGlobalSection
	GlobalSection(ProjectConfigurationPlatforms) = postSolution
		{431A913B-F67C-4A6A-9A5D-D3D1B712EFC4}.Debug|Any CPU.ActiveCfg = Debug|Any CPU
		{431A913B-F67C-4A6A-9A5D-D3D1B712EFC4}.Debug|Any CPU.Build.0 = Debug|Any CPU
		{431A913B-F67C-4A6A-9A5D-D3D1B712EFC4}.Release|Any CPU.ActiveCfg = Release|Any CPU
		{431A913B-F67C-4A6A-9A5D-D3D1B712EFC4}.Release|Any CPU.Build.0 = Release|Any CPU
	EndGlobalSection
	GlobalSection(SolutionProperties) = preSolution
		HideSolutionNode = FALSE
	EndGlobalSection
	GlobalSection(ExtensibilityGlobals) = postSolution
		SolutionGuid = {75D54111-6CDA-4289-B0A4-B66DC7CE36D5}
	EndGlobalSection
EndGlobal
