
Microsoft Visual Studio Solution File, Format Version 12.00
# Visual Studio Version 16
VisualStudioVersion = 16.0.30104.148
MinimumVisualStudioVersion = 10.0.40219.1
Project("{9A19103F-16F7-4668-BE54-9A1E7A4F7556}") = "HotelReservations", "HotelReservations\HotelReservations.csproj", "{4D710853-B965-4F07-B6D5-94FA931A44E7}"
EndProject
Global
	GlobalSection(SolutionConfigurationPlatforms) = preSolution
		Debug|Any CPU = Debug|Any CPU
		Release|Any CPU = Release|Any CPU
	EndGlobalSection
	GlobalSection(ProjectConfigurationPlatforms) = postSolution
		{4D710853-B965-4F07-B6D5-94FA931A44E7}.Debug|Any CPU.ActiveCfg = Debug|Any CPU
		{4D710853-B965-4F07-B6D5-94FA931A44E7}.Debug|Any CPU.Build.0 = Debug|Any CPU
		{4D710853-B965-4F07-B6D5-94FA931A44E7}.Release|Any CPU.ActiveCfg = Release|Any CPU
		{4D710853-B965-4F07-B6D5-94FA931A44E7}.Release|Any CPU.Build.0 = Release|Any CPU
	EndGlobalSection
	GlobalSection(SolutionProperties) = preSolution
		HideSolutionNode = FALSE
	EndGlobalSection
	GlobalSection(ExtensibilityGlobals) = postSolution
		SolutionGuid = {94713E2C-1439-4B22-A07B-B041E3B8D5DC}
	EndGlobalSection
EndGlobal
